
Microsoft Visual Studio Solution File, Format Version 12.00
# Visual Studio Version 16
VisualStudioVersion = 16.0.30804.86
MinimumVisualStudioVersion = 10.0.40219.1
Project("{FAE04EC0-301F-11D3-BF4B-00C04F79EFBC}") = "MissionPlanner.Aerobridge", "MissionPlanner.Aerobridge\MissionPlanner.Aerobridge.csproj", "{6FC692DD-41B8-4F45-871B-A6FE85326076}"
EndProject
Global
	GlobalSection(SolutionConfigurationPlatforms) = preSolution
		Debug|Any CPU = Debug|Any CPU
		Release|Any CPU = Release|Any CPU
	EndGlobalSection
	GlobalSection(ProjectConfigurationPlatforms) = postSolution
		{6FC692DD-41B8-4F45-871B-A6FE85326076}.Debug|Any CPU.ActiveCfg = Debug|Any CPU
		{6FC692DD-41B8-4F45-871B-A6FE85326076}.Debug|Any CPU.Build.0 = Debug|Any CPU
		{6FC692DD-41B8-4F45-871B-A6FE85326076}.Release|Any CPU.ActiveCfg = Release|Any CPU
		{6FC692DD-41B8-4F45-871B-A6FE85326076}.Release|Any CPU.Build.0 = Release|Any CPU
	EndGlobalSection
	GlobalSection(SolutionProperties) = preSolution
		HideSolutionNode = FALSE
	EndGlobalSection
	GlobalSection(ExtensibilityGlobals) = postSolution
		SolutionGuid = {D18CCBCE-071D-4FD2-A908-EC4DC11964D9}
	EndGlobalSection
EndGlobal
