
Microsoft Visual Studio Solution File, Format Version 12.00
# Visual Studio Version 16
VisualStudioVersion = 16.0.30804.86
MinimumVisualStudioVersion = 10.0.40219.1
Project("{FAE04EC0-301F-11D3-BF4B-00C04F79EFBC}") = "AerobridgeClient", "AerobridgeClient.csproj", "{92360E56-A293-436C-8A29-0D0C37AF50A4}"
EndProject
Project("{9A19103F-16F7-4668-BE54-9A1E7A4F7556}") = "MAVLink", "..\Mavlink\MAVLink.csproj", "{20296734-5F3C-4593-A0D5-DD20B440B13A}"
EndProject
Global
	GlobalSection(SolutionConfigurationPlatforms) = preSolution
		Debug|Any CPU = Debug|Any CPU
		Release|Any CPU = Release|Any CPU
	EndGlobalSection
	GlobalSection(ProjectConfigurationPlatforms) = postSolution
		{92360E56-A293-436C-8A29-0D0C37AF50A4}.Debug|Any CPU.ActiveCfg = Debug|Any CPU
		{92360E56-A293-436C-8A29-0D0C37AF50A4}.Debug|Any CPU.Build.0 = Debug|Any CPU
		{92360E56-A293-436C-8A29-0D0C37AF50A4}.Release|Any CPU.ActiveCfg = Release|Any CPU
		{92360E56-A293-436C-8A29-0D0C37AF50A4}.Release|Any CPU.Build.0 = Release|Any CPU
		{20296734-5F3C-4593-A0D5-DD20B440B13A}.Debug|Any CPU.ActiveCfg = Debug|Any CPU
		{20296734-5F3C-4593-A0D5-DD20B440B13A}.Debug|Any CPU.Build.0 = Debug|Any CPU
		{20296734-5F3C-4593-A0D5-DD20B440B13A}.Release|Any CPU.ActiveCfg = Release|Any CPU
		{20296734-5F3C-4593-A0D5-DD20B440B13A}.Release|Any CPU.Build.0 = Release|Any CPU
	EndGlobalSection
	GlobalSection(SolutionProperties) = preSolution
		HideSolutionNode = FALSE
	EndGlobalSection
	GlobalSection(ExtensibilityGlobals) = postSolution
		SolutionGuid = {FE4910C1-4354-4A99-8F70-C9233F455F7A}
	EndGlobalSection
EndGlobal
